// !$*UTF8*$!
{
	archiveVersion = 1;
	classes = {
	};
	objectVersion = 50;
	objects = {

/* Begin PBXBuildFile section */
		EF5A221624136A24005D71C9 /* CreationViewController.swift in Sources */ = {isa = PBXBuildFile; fileRef = EF5A221524136A24005D71C9 /* CreationViewController.swift */; };
		EF5F2A4523FFBC160077B4B0 /* AppDelegate.swift in Sources */ = {isa = PBXBuildFile; fileRef = EF5F2A4423FFBC160077B4B0 /* AppDelegate.swift */; };
		EF5F2A4723FFBC160077B4B0 /* SceneDelegate.swift in Sources */ = {isa = PBXBuildFile; fileRef = EF5F2A4623FFBC160077B4B0 /* SceneDelegate.swift */; };
		EF5F2A4923FFBC160077B4B0 /* ViewController.swift in Sources */ = {isa = PBXBuildFile; fileRef = EF5F2A4823FFBC160077B4B0 /* ViewController.swift */; };
		EF5F2A4C23FFBC160077B4B0 /* Main.storyboard in Resources */ = {isa = PBXBuildFile; fileRef = EF5F2A4A23FFBC160077B4B0 /* Main.storyboard */; };
		EF5F2A4E23FFBC180077B4B0 /* Assets.xcassets in Resources */ = {isa = PBXBuildFile; fileRef = EF5F2A4D23FFBC180077B4B0 /* Assets.xcassets */; };
		EF5F2A5123FFBC180077B4B0 /* LaunchScreen.storyboard in Resources */ = {isa = PBXBuildFile; fileRef = EF5F2A4F23FFBC180077B4B0 /* LaunchScreen.storyboard */; };
		EF5F2A5C23FFBC180077B4B0 /* FlashcardsTests.swift in Sources */ = {isa = PBXBuildFile; fileRef = EF5F2A5B23FFBC180077B4B0 /* FlashcardsTests.swift */; };
		EF5F2A6723FFBC180077B4B0 /* FlashcardsUITests.swift in Sources */ = {isa = PBXBuildFile; fileRef = EF5F2A6623FFBC180077B4B0 /* FlashcardsUITests.swift */; };
/* End PBXBuildFile section */

/* Begin PBXContainerItemProxy section */
		EF5F2A5823FFBC180077B4B0 /* PBXContainerItemProxy */ = {
			isa = PBXContainerItemProxy;
			containerPortal = EF5F2A3923FFBC160077B4B0 /* Project object */;
			proxyType = 1;
			remoteGlobalIDString = EF5F2A4023FFBC160077B4B0;
			remoteInfo = Flashcards;
		};
		EF5F2A6323FFBC180077B4B0 /* PBXContainerItemProxy */ = {
			isa = PBXContainerItemProxy;
			containerPortal = EF5F2A3923FFBC160077B4B0 /* Project object */;
			proxyType = 1;
			remoteGlobalIDString = EF5F2A4023FFBC160077B4B0;
			remoteInfo = Flashcards;
		};
/* End PBXContainerItemProxy section */

/* Begin PBXFileReference section */
		EF5A221524136A24005D71C9 /* CreationViewController.swift */ = {isa = PBXFileReference; lastKnownFileType = sourcecode.swift; path = CreationViewController.swift; sourceTree = "<group>"; };
		EF5F2A4123FFBC160077B4B0 /* Flashcards.app */ = {isa = PBXFileReference; explicitFileType = wrapper.application; includeInIndex = 0; path = Flashcards.app; sourceTree = BUILT_PRODUCTS_DIR; };
		EF5F2A4423FFBC160077B4B0 /* AppDelegate.swift */ = {isa = PBXFileReference; lastKnownFileType = sourcecode.swift; path = AppDelegate.swift; sourceTree = "<group>"; };
		EF5F2A4623FFBC160077B4B0 /* SceneDelegate.swift */ = {isa = PBXFileReference; lastKnownFileType = sourcecode.swift; path = SceneDelegate.swift; sourceTree = "<group>"; };
		EF5F2A4823FFBC160077B4B0 /* ViewController.swift */ = {isa = PBXFileReference; lastKnownFileType = sourcecode.swift; path = ViewController.swift; sourceTree = "<group>"; };
		EF5F2A4B23FFBC160077B4B0 /* Base */ = {isa = PBXFileReference; lastKnownFileType = file.storyboard; name = Base; path = Base.lproj/Main.storyboard; sourceTree = "<group>"; };
		EF5F2A4D23FFBC180077B4B0 /* Assets.xcassets */ = {isa = PBXFileReference; lastKnownFileType = folder.assetcatalog; path = Assets.xcassets; sourceTree = "<group>"; };
		EF5F2A5023FFBC180077B4B0 /* Base */ = {isa = PBXFileReference; lastKnownFileType = file.storyboard; name = Base; path = Base.lproj/LaunchScreen.storyboard; sourceTree = "<group>"; };
		EF5F2A5223FFBC180077B4B0 /* Info.plist */ = {isa = PBXFileReference; lastKnownFileType = text.plist.xml; path = Info.plist; sourceTree = "<group>"; };
		EF5F2A5723FFBC180077B4B0 /* FlashcardsTests.xctest */ = {isa = PBXFileReference; explicitFileType = wrapper.cfbundle; includeInIndex = 0; path = FlashcardsTests.xctest; sourceTree = BUILT_PRODUCTS_DIR; };
		EF5F2A5B23FFBC180077B4B0 /* FlashcardsTests.swift */ = {isa = PBXFileReference; lastKnownFileType = sourcecode.swift; path = FlashcardsTests.swift; sourceTree = "<group>"; };
		EF5F2A5D23FFBC180077B4B0 /* Info.plist */ = {isa = PBXFileReference; lastKnownFileType = text.plist.xml; path = Info.plist; sourceTree = "<group>"; };
		EF5F2A6223FFBC180077B4B0 /* FlashcardsUITests.xctest */ = {isa = PBXFileReference; explicitFileType = wrapper.cfbundle; includeInIndex = 0; path = FlashcardsUITests.xctest; sourceTree = BUILT_PRODUCTS_DIR; };
		EF5F2A6623FFBC180077B4B0 /* FlashcardsUITests.swift */ = {isa = PBXFileReference; lastKnownFileType = sourcecode.swift; path = FlashcardsUITests.swift; sourceTree = "<group>"; };
		EF5F2A6823FFBC180077B4B0 /* Info.plist */ = {isa = PBXFileReference; lastKnownFileType = text.plist.xml; path = Info.plist; sourceTree = "<group>"; };
/* End PBXFileReference section */

/* Begin PBXFrameworksBuildPhase section */
		EF5F2A3E23FFBC160077B4B0 /* Frameworks */ = {
			isa = PBXFrameworksBuildPhase;
			buildActionMask = 2147483647;
			files = (
			);
			runOnlyForDeploymentPostprocessing = 0;
		};
		EF5F2A5423FFBC180077B4B0 /* Frameworks */ = {
			isa = PBXFrameworksBuildPhase;
			buildActionMask = 2147483647;
			files = (
			);
			runOnlyForDeploymentPostprocessing = 0;
		};
		EF5F2A5F23FFBC180077B4B0 /* Frameworks */ = {
			isa = PBXFrameworksBuildPhase;
			buildActionMask = 2147483647;
			files = (
			);
			runOnlyForDeploymentPostprocessing = 0;
		};
/* End PBXFrameworksBuildPhase section */

/* Begin PBXGroup section */
		EF5F2A3823FFBC160077B4B0 = {
			isa = PBXGroup;
			children = (
				EF5F2A4323FFBC160077B4B0 /* Flashcards */,
				EF5F2A5A23FFBC180077B4B0 /* FlashcardsTests */,
				EF5F2A6523FFBC180077B4B0 /* FlashcardsUITests */,
				EF5F2A4223FFBC160077B4B0 /* Products */,
			);
			sourceTree = "<group>";
		};
		EF5F2A4223FFBC160077B4B0 /* Products */ = {
			isa = PBXGroup;
			children = (
				EF5F2A4123FFBC160077B4B0 /* Flashcards.app */,
				EF5F2A5723FFBC180077B4B0 /* FlashcardsTests.xctest */,
				EF5F2A6223FFBC180077B4B0 /* FlashcardsUITests.xctest */,
			);
			name = Products;
			sourceTree = "<group>";
		};
		EF5F2A4323FFBC160077B4B0 /* Flashcards */ = {
			isa = PBXGroup;
			children = (
				EF5F2A4423FFBC160077B4B0 /* AppDelegate.swift */,
				EF5F2A4623FFBC160077B4B0 /* SceneDelegate.swift */,
				EF5F2A4823FFBC160077B4B0 /* ViewController.swift */,
				EF5F2A4A23FFBC160077B4B0 /* Main.storyboard */,
				EF5A221524136A24005D71C9 /* CreationViewController.swift */,
				EF5F2A4D23FFBC180077B4B0 /* Assets.xcassets */,
				EF5F2A4F23FFBC180077B4B0 /* LaunchScreen.storyboard */,
				EF5F2A5223FFBC180077B4B0 /* Info.plist */,
			);
			path = Flashcards;
			sourceTree = "<group>";
		};
		EF5F2A5A23FFBC180077B4B0 /* FlashcardsTests */ = {
			isa = PBXGroup;
			children = (
				EF5F2A5B23FFBC180077B4B0 /* FlashcardsTests.swift */,
				EF5F2A5D23FFBC180077B4B0 /* Info.plist */,
			);
			path = FlashcardsTests;
			sourceTree = "<group>";
		};
		EF5F2A6523FFBC180077B4B0 /* FlashcardsUITests */ = {
			isa = PBXGroup;
			children = (
				EF5F2A6623FFBC180077B4B0 /* FlashcardsUITests.swift */,
				EF5F2A6823FFBC180077B4B0 /* Info.plist */,
			);
			path = FlashcardsUITests;
			sourceTree = "<group>";
		};
/* End PBXGroup section */

/* Begin PBXNativeTarget section */
		EF5F2A4023FFBC160077B4B0 /* Flashcards */ = {
			isa = PBXNativeTarget;
			buildConfigurationList = EF5F2A6B23FFBC180077B4B0 /* Build configuration list for PBXNativeTarget "Flashcards" */;
			buildPhases = (
				EF5F2A3D23FFBC160077B4B0 /* Sources */,
				EF5F2A3E23FFBC160077B4B0 /* Frameworks */,
				EF5F2A3F23FFBC160077B4B0 /* Resources */,
			);
			buildRules = (
			);
			dependencies = (
			);
			name = Flashcards;
			productName = Flashcards;
			productReference = EF5F2A4123FFBC160077B4B0 /* Flashcards.app */;
			productType = "com.apple.product-type.application";
		};
		EF5F2A5623FFBC180077B4B0 /* FlashcardsTests */ = {
			isa = PBXNativeTarget;
			buildConfigurationList = EF5F2A6E23FFBC180077B4B0 /* Build configuration list for PBXNativeTarget "FlashcardsTests" */;
			buildPhases = (
				EF5F2A5323FFBC180077B4B0 /* Sources */,
				EF5F2A5423FFBC180077B4B0 /* Frameworks */,
				EF5F2A5523FFBC180077B4B0 /* Resources */,
			);
			buildRules = (
			);
			dependencies = (
				EF5F2A5923FFBC180077B4B0 /* PBXTargetDependency */,
			);
			name = FlashcardsTests;
			productName = FlashcardsTests;
			productReference = EF5F2A5723FFBC180077B4B0 /* FlashcardsTests.xctest */;
			productType = "com.apple.product-type.bundle.unit-test";
		};
		EF5F2A6123FFBC180077B4B0 /* FlashcardsUITests */ = {
			isa = PBXNativeTarget;
			buildConfigurationList = EF5F2A7123FFBC180077B4B0 /* Build configuration list for PBXNativeTarget "FlashcardsUITests" */;
			buildPhases = (
				EF5F2A5E23FFBC180077B4B0 /* Sources */,
				EF5F2A5F23FFBC180077B4B0 /* Frameworks */,
				EF5F2A6023FFBC180077B4B0 /* Resources */,
			);
			buildRules = (
			);
			dependencies = (
				EF5F2A6423FFBC180077B4B0 /* PBXTargetDependency */,
			);
			name = FlashcardsUITests;
			productName = FlashcardsUITests;
			productReference = EF5F2A6223FFBC180077B4B0 /* FlashcardsUITests.xctest */;
			productType = "com.apple.product-type.bundle.ui-testing";
		};
/* End PBXNativeTarget section */

/* Begin PBXProject section */
		EF5F2A3923FFBC160077B4B0 /* Project object */ = {
			isa = PBXProject;
			attributes = {
				LastSwiftUpdateCheck = 1130;
				LastUpgradeCheck = 1130;
				ORGANIZATIONNAME = "Chieu Anh Nguyen";
				TargetAttributes = {
					EF5F2A4023FFBC160077B4B0 = {
						CreatedOnToolsVersion = 11.3;
					};
					EF5F2A5623FFBC180077B4B0 = {
						CreatedOnToolsVersion = 11.3;
						TestTargetID = EF5F2A4023FFBC160077B4B0;
					};
					EF5F2A6123FFBC180077B4B0 = {
						CreatedOnToolsVersion = 11.3;
						TestTargetID = EF5F2A4023FFBC160077B4B0;
					};
				};
			};
			buildConfigurationList = EF5F2A3C23FFBC160077B4B0 /* Build configuration list for PBXProject "Flashcards" */;
			compatibilityVersion = "Xcode 9.3";
			developmentRegion = en;
			hasScannedForEncodings = 0;
			knownRegions = (
				en,
				Base,
			);
			mainGroup = EF5F2A3823FFBC160077B4B0;
			productRefGroup = EF5F2A4223FFBC160077B4B0 /* Products */;
			projectDirPath = "";
			projectRoot = "";
			targets = (
				EF5F2A4023FFBC160077B4B0 /* Flashcards */,
				EF5F2A5623FFBC180077B4B0 /* FlashcardsTests */,
				EF5F2A6123FFBC180077B4B0 /* FlashcardsUITests */,
			);
		};
/* End PBXProject section */

/* Begin PBXResourcesBuildPhase section */
		EF5F2A3F23FFBC160077B4B0 /* Resources */ = {
			isa = PBXResourcesBuildPhase;
			buildActionMask = 2147483647;
			files = (
				EF5F2A5123FFBC180077B4B0 /* LaunchScreen.storyboard in Resources */,
				EF5F2A4E23FFBC180077B4B0 /* Assets.xcassets in Resources */,
				EF5F2A4C23FFBC160077B4B0 /* Main.storyboard in Resources */,
			);
			runOnlyForDeploymentPostprocessing = 0;
		};
		EF5F2A5523FFBC180077B4B0 /* Resources */ = {
			isa = PBXResourcesBuildPhase;
			buildActionMask = 2147483647;
			files = (
			);
			runOnlyForDeploymentPostprocessing = 0;
		};
		EF5F2A6023FFBC180077B4B0 /* Resources */ = {
			isa = PBXResourcesBuildPhase;
			buildActionMask = 2147483647;
			files = (
			);
			runOnlyForDeploymentPostprocessing = 0;
		};
/* End PBXResourcesBuildPhase section */

/* Begin PBXSourcesBuildPhase section */
		EF5F2A3D23FFBC160077B4B0 /* Sources */ = {
			isa = PBXSourcesBuildPhase;
			buildActionMask = 2147483647;
			files = (
				EF5F2A4923FFBC160077B4B0 /* ViewController.swift in Sources */,
				EF5F2A4523FFBC160077B4B0 /* AppDelegate.swift in Sources */,
				EF5F2A4723FFBC160077B4B0 /* SceneDelegate.swift in Sources */,
				EF5A221624136A24005D71C9 /* CreationViewController.swift in Sources */,
			);
			runOnlyForDeploymentPostprocessing = 0;
		};
		EF5F2A5323FFBC180077B4B0 /* Sources */ = {
			isa = PBXSourcesBuildPhase;
			buildActionMask = 2147483647;
			files = (
				EF5F2A5C23FFBC180077B4B0 /* FlashcardsTests.swift in Sources */,
			);
			runOnlyForDeploymentPostprocessing = 0;
		};
		EF5F2A5E23FFBC180077B4B0 /* Sources */ = {
			isa = PBXSourcesBuildPhase;
			buildActionMask = 2147483647;
			files = (
				EF5F2A6723FFBC180077B4B0 /* FlashcardsUITests.swift in Sources */,
			);
			runOnlyForDeploymentPostprocessing = 0;
		};
/* End PBXSourcesBuildPhase section */

/* Begin PBXTargetDependency section */
		EF5F2A5923FFBC180077B4B0 /* PBXTargetDependency */ = {
			isa = PBXTargetDependency;
			target = EF5F2A4023FFBC160077B4B0 /* Flashcards */;
			targetProxy = EF5F2A5823FFBC180077B4B0 /* PBXContainerItemProxy */;
		};
		EF5F2A6423FFBC180077B4B0 /* PBXTargetDependency */ = {
			isa = PBXTargetDependency;
			target = EF5F2A4023FFBC160077B4B0 /* Flashcards */;
			targetProxy = EF5F2A6323FFBC180077B4B0 /* PBXContainerItemProxy */;
		};
/* End PBXTargetDependency section */

/* Begin PBXVariantGroup section */
		EF5F2A4A23FFBC160077B4B0 /* Main.storyboard */ = {
			isa = PBXVariantGroup;
			children = (
				EF5F2A4B23FFBC160077B4B0 /* Base */,
			);
			name = Main.storyboard;
			sourceTree = "<group>";
		};
		EF5F2A4F23FFBC180077B4B0 /* LaunchScreen.storyboard */ = {
			isa = PBXVariantGroup;
			children = (
				EF5F2A5023FFBC180077B4B0 /* Base */,
			);
			name = LaunchScreen.storyboard;
			sourceTree = "<group>";
		};
/* End PBXVariantGroup section */

/* Begin XCBuildConfiguration section */
		EF5F2A6923FFBC180077B4B0 /* Debug */ = {
			isa = XCBuildConfiguration;
			buildSettings = {
				ALWAYS_SEARCH_USER_PATHS = NO;
				CLANG_ANALYZER_NONNULL = YES;
				CLANG_ANALYZER_NUMBER_OBJECT_CONVERSION = YES_AGGRESSIVE;
				CLANG_CXX_LANGUAGE_STANDARD = "gnu++14";
				CLANG_CXX_LIBRARY = "libc++";
				CLANG_ENABLE_MODULES = YES;
				CLANG_ENABLE_OBJC_ARC = YES;
				CLANG_ENABLE_OBJC_WEAK = YES;
				CLANG_WARN_BLOCK_CAPTURE_AUTORELEASING = YES;
				CLANG_WARN_BOOL_CONVERSION = YES;
				CLANG_WARN_COMMA = YES;
				CLANG_WARN_CONSTANT_CONVERSION = YES;
				CLANG_WARN_DEPRECATED_OBJC_IMPLEMENTATIONS = YES;
				CLANG_WARN_DIRECT_OBJC_ISA_USAGE = YES_ERROR;
				CLANG_WARN_DOCUMENTATION_COMMENTS = YES;
				CLANG_WARN_EMPTY_BODY = YES;
				CLANG_WARN_ENUM_CONVERSION = YES;
				CLANG_WARN_INFINITE_RECURSION = YES;
				CLANG_WARN_INT_CONVERSION = YES;
				CLANG_WARN_NON_LITERAL_NULL_CONVERSION = YES;
				CLANG_WARN_OBJC_IMPLICIT_RETAIN_SELF = YES;
				CLANG_WARN_OBJC_LITERAL_CONVERSION = YES;
				CLANG_WARN_OBJC_ROOT_CLASS = YES_ERROR;
				CLANG_WARN_RANGE_LOOP_ANALYSIS = YES;
				CLANG_WARN_STRICT_PROTOTYPES = YES;
				CLANG_WARN_SUSPICIOUS_MOVE = YES;
				CLANG_WARN_UNGUARDED_AVAILABILITY = YES_AGGRESSIVE;
				CLANG_WARN_UNREACHABLE_CODE = YES;
				CLANG_WARN__DUPLICATE_METHOD_MATCH = YES;
				COPY_PHASE_STRIP = NO;
				DEBUG_INFORMATION_FORMAT = dwarf;
				ENABLE_STRICT_OBJC_MSGSEND = YES;
				ENABLE_TESTABILITY = YES;
				GCC_C_LANGUAGE_STANDARD = gnu11;
				GCC_DYNAMIC_NO_PIC = NO;
				GCC_NO_COMMON_BLOCKS = YES;
				GCC_OPTIMIZATION_LEVEL = 0;
				GCC_PREPROCESSOR_DEFINITIONS = (
					"DEBUG=1",
					"$(inherited)",
				);
				GCC_WARN_64_TO_32_BIT_CONVERSION = YES;
				GCC_WARN_ABOUT_RETURN_TYPE = YES_ERROR;
				GCC_WARN_UNDECLARED_SELECTOR = YES;
				GCC_WARN_UNINITIALIZED_AUTOS = YES_AGGRESSIVE;
				GCC_WARN_UNUSED_FUNCTION = YES;
				GCC_WARN_UNUSED_VARIABLE = YES;
				IPHONEOS_DEPLOYMENT_TARGET = 13.2;
				MTL_ENABLE_DEBUG_INFO = INCLUDE_SOURCE;
				MTL_FAST_MATH = YES;
				ONLY_ACTIVE_ARCH = YES;
				SDKROOT = iphoneos;
				SWIFT_ACTIVE_COMPILATION_CONDITIONS = DEBUG;
				SWIFT_OPTIMIZATION_LEVEL = "-Onone";
			};
			name = Debug;
		};
		EF5F2A6A23FFBC180077B4B0 /* Release */ = {
			isa = XCBuildConfiguration;
			buildSettings = {
				ALWAYS_SEARCH_USER_PATHS = NO;
				CLANG_ANALYZER_NONNULL = YES;
				CLANG_ANALYZER_NUMBER_OBJECT_CONVERSION = YES_AGGRESSIVE;
				CLANG_CXX_LANGUAGE_STANDARD = "gnu++14";
				CLANG_CXX_LIBRARY = "libc++";
				CLANG_ENABLE_MODULES = YES;
				CLANG_ENABLE_OBJC_ARC = YES;
				CLANG_ENABLE_OBJC_WEAK = YES;
				CLANG_WARN_BLOCK_CAPTURE_AUTORELEASING = YES;
				CLANG_WARN_BOOL_CONVERSION = YES;
				CLANG_WARN_COMMA = YES;
				CLANG_WARN_CONSTANT_CONVERSION = YES;
				CLANG_WARN_DEPRECATED_OBJC_IMPLEMENTATIONS = YES;
				CLANG_WARN_DIRECT_OBJC_ISA_USAGE = YES_ERROR;
				CLANG_WARN_DOCUMENTATION_COMMENTS = YES;
				CLANG_WARN_EMPTY_BODY = YES;
				CLANG_WARN_ENUM_CONVERSION = YES;
				CLANG_WARN_INFINITE_RECURSION = YES;
				CLANG_WARN_INT_CONVERSION = YES;
				CLANG_WARN_NON_LITERAL_NULL_CONVERSION = YES;
				CLANG_WARN_OBJC_IMPLICIT_RETAIN_SELF = YES;
				CLANG_WARN_OBJC_LITERAL_CONVERSION = YES;
				CLANG_WARN_OBJC_ROOT_CLASS = YES_ERROR;
				CLANG_WARN_RANGE_LOOP_ANALYSIS = YES;
				CLANG_WARN_STRICT_PROTOTYPES = YES;
				CLANG_WARN_SUSPICIOUS_MOVE = YES;
				CLANG_WARN_UNGUARDED_AVAILABILITY = YES_AGGRESSIVE;
				CLANG_WARN_UNREACHABLE_CODE = YES;
				CLANG_WARN__DUPLICATE_METHOD_MATCH = YES;
				COPY_PHASE_STRIP = NO;
				DEBUG_INFORMATION_FORMAT = "dwarf-with-dsym";
				ENABLE_NS_ASSERTIONS = NO;
				ENABLE_STRICT_OBJC_MSGSEND = YES;
				GCC_C_LANGUAGE_STANDARD = gnu11;
				GCC_NO_COMMON_BLOCKS = YES;
				GCC_WARN_64_TO_32_BIT_CONVERSION = YES;
				GCC_WARN_ABOUT_RETURN_TYPE = YES_ERROR;
				GCC_WARN_UNDECLARED_SELECTOR = YES;
				GCC_WARN_UNINITIALIZED_AUTOS = YES_AGGRESSIVE;
				GCC_WARN_UNUSED_FUNCTION = YES;
				GCC_WARN_UNUSED_VARIABLE = YES;
				IPHONEOS_DEPLOYMENT_TARGET = 13.2;
				MTL_ENABLE_DEBUG_INFO = NO;
				MTL_FAST_MATH = YES;
				SDKROOT = iphoneos;
				SWIFT_COMPILATION_MODE = wholemodule;
				SWIFT_OPTIMIZATION_LEVEL = "-O";
				VALIDATE_PRODUCT = YES;
			};
			name = Release;
		};
		EF5F2A6C23FFBC180077B4B0 /* Debug */ = {
			isa = XCBuildConfiguration;
			buildSettings = {
				ASSETCATALOG_COMPILER_APPICON_NAME = AppIcon;
				CODE_SIGN_STYLE = Automatic;
				INFOPLIST_FILE = Flashcards/Info.plist;
				LD_RUNPATH_SEARCH_PATHS = (
					"$(inherited)",
					"@executable_path/Frameworks",
				);
				PRODUCT_BUNDLE_IDENTIFIER = com.chieuanh.Flashcards;
				PRODUCT_NAME = "$(TARGET_NAME)";
				SWIFT_VERSION = 5.0;
				TARGETED_DEVICE_FAMILY = "1,2";
			};
			name = Debug;
		};
		EF5F2A6D23FFBC180077B4B0 /* Release */ = {
			isa = XCBuildConfiguration;
			buildSettings = {
				ASSETCATALOG_COMPILER_APPICON_NAME = AppIcon;
				CODE_SIGN_STYLE = Automatic;
				INFOPLIST_FILE = Flashcards/Info.plist;
				LD_RUNPATH_SEARCH_PATHS = (
					"$(inherited)",
					"@executable_path/Frameworks",
				);
				PRODUCT_BUNDLE_IDENTIFIER = com.chieuanh.Flashcards;
				PRODUCT_NAME = "$(TARGET_NAME)";
				SWIFT_VERSION = 5.0;
				TARGETED_DEVICE_FAMILY = "1,2";
			};
			name = Release;
		};
		EF5F2A6F23FFBC180077B4B0 /* Debug */ = {
			isa = XCBuildConfiguration;
			buildSettings = {
				ALWAYS_EMBED_SWIFT_STANDARD_LIBRARIES = YES;
				BUNDLE_LOADER = "$(TEST_HOST)";
				CODE_SIGN_STYLE = Automatic;
				INFOPLIST_FILE = FlashcardsTests/Info.plist;
				IPHONEOS_DEPLOYMENT_TARGET = 13.2;
				LD_RUNPATH_SEARCH_PATHS = (
					"$(inherited)",
					"@executable_path/Frameworks",
					"@loader_path/Frameworks",
				);
				PRODUCT_BUNDLE_IDENTIFIER = com.chieuanh.FlashcardsTests;
				PRODUCT_NAME = "$(TARGET_NAME)";
				SWIFT_VERSION = 5.0;
				TARGETED_DEVICE_FAMILY = "1,2";
				TEST_HOST = "$(BUILT_PRODUCTS_DIR)/Flashcards.app/Flashcards";
			};
			name = Debug;
		};
		EF5F2A7023FFBC180077B4B0 /* Release */ = {
			isa = XCBuildConfiguration;
			buildSettings = {
				ALWAYS_EMBED_SWIFT_STANDARD_LIBRARIES = YES;
				BUNDLE_LOADER = "$(TEST_HOST)";
				CODE_SIGN_STYLE = Automatic;
				INFOPLIST_FILE = FlashcardsTests/Info.plist;
				IPHONEOS_DEPLOYMENT_TARGET = 13.2;
				LD_RUNPATH_SEARCH_PATHS = (
					"$(inherited)",
					"@executable_path/Frameworks",
					"@loader_path/Frameworks",
				);
				PRODUCT_BUNDLE_IDENTIFIER = com.chieuanh.FlashcardsTests;
				PRODUCT_NAME = "$(TARGET_NAME)";
				SWIFT_VERSION = 5.0;
				TARGETED_DEVICE_FAMILY = "1,2";
				TEST_HOST = "$(BUILT_PRODUCTS_DIR)/Flashcards.app/Flashcards";
			};
			name = Release;
		};
		EF5F2A7223FFBC180077B4B0 /* Debug */ = {
			isa = XCBuildConfiguration;
			buildSettings = {
				ALWAYS_EMBED_SWIFT_STANDARD_LIBRARIES = YES;
				CODE_SIGN_STYLE = Automatic;
				INFOPLIST_FILE = FlashcardsUITests/Info.plist;
				LD_RUNPATH_SEARCH_PATHS = (
					"$(inherited)",
					"@executable_path/Frameworks",
					"@loader_path/Frameworks",
				);
				PRODUCT_BUNDLE_IDENTIFIER = com.chieuanh.FlashcardsUITests;
				PRODUCT_NAME = "$(TARGET_NAME)";
				SWIFT_VERSION = 5.0;
				TARGETED_DEVICE_FAMILY = "1,2";
				TEST_TARGET_NAME = Flashcards;
			};
			name = Debug;
		};
		EF5F2A7323FFBC180077B4B0 /* Release */ = {
			isa = XCBuildConfiguration;
			buildSettings = {
				ALWAYS_EMBED_SWIFT_STANDARD_LIBRARIES = YES;
				CODE_SIGN_STYLE = Automatic;
				INFOPLIST_FILE = FlashcardsUITests/Info.plist;
				LD_RUNPATH_SEARCH_PATHS = (
					"$(inherited)",
					"@executable_path/Frameworks",
					"@loader_path/Frameworks",
				);
				PRODUCT_BUNDLE_IDENTIFIER = com.chieuanh.FlashcardsUITests;
				PRODUCT_NAME = "$(TARGET_NAME)";
				SWIFT_VERSION = 5.0;
				TARGETED_DEVICE_FAMILY = "1,2";
				TEST_TARGET_NAME = Flashcards;
			};
			name = Release;
		};
/* End XCBuildConfiguration section */

/* Begin XCConfigurationList section */
		EF5F2A3C23FFBC160077B4B0 /* Build configuration list for PBXProject "Flashcards" */ = {
			isa = XCConfigurationList;
			buildConfigurations = (
				EF5F2A6923FFBC180077B4B0 /* Debug */,
				EF5F2A6A23FFBC180077B4B0 /* Release */,
			);
			defaultConfigurationIsVisible = 0;
			defaultConfigurationName = Release;
		};
		EF5F2A6B23FFBC180077B4B0 /* Build configuration list for PBXNativeTarget "Flashcards" */ = {
			isa = XCConfigurationList;
			buildConfigurations = (
				EF5F2A6C23FFBC180077B4B0 /* Debug */,
				EF5F2A6D23FFBC180077B4B0 /* Release */,
			);
			defaultConfigurationIsVisible = 0;
			defaultConfigurationName = Release;
		};
		EF5F2A6E23FFBC180077B4B0 /* Build configuration list for PBXNativeTarget "FlashcardsTests" */ = {
			isa = XCConfigurationList;
			buildConfigurations = (
				EF5F2A6F23FFBC180077B4B0 /* Debug */,
				EF5F2A7023FFBC180077B4B0 /* Release */,
			);
			defaultConfigurationIsVisible = 0;
			defaultConfigurationName = Release;
		};
		EF5F2A7123FFBC180077B4B0 /* Build configuration list for PBXNativeTarget "FlashcardsUITests" */ = {
			isa = XCConfigurationList;
			buildConfigurations = (
				EF5F2A7223FFBC180077B4B0 /* Debug */,
				EF5F2A7323FFBC180077B4B0 /* Release */,
			);
			defaultConfigurationIsVisible = 0;
			defaultConfigurationName = Release;
		};
/* End XCConfigurationList section */
	};
	rootObject = EF5F2A3923FFBC160077B4B0 /* Project object */;
}
